
Microsoft Visual Studio Solution File, Format Version 12.00
# Visual Studio 15
VisualStudioVersion = 15.0.27130.2010
MinimumVisualStudioVersion = 10.0.40219.1
Project("{FAE04EC0-301F-11D3-BF4B-00C04F79EFBC}") = "IOProject", "IOProject\IOProject.csproj", "{0A9F7D1B-9596-468E-A93B-CA2F6D18C328}"
EndProject
Global
	GlobalSection(SolutionConfigurationPlatforms) = preSolution
		Debug|Any CPU = Debug|Any CPU
		Release|Any CPU = Release|Any CPU
	EndGlobalSection
	GlobalSection(ProjectConfigurationPlatforms) = postSolution
		{0A9F7D1B-9596-468E-A93B-CA2F6D18C328}.Debug|Any CPU.ActiveCfg = Debug|Any CPU
		{0A9F7D1B-9596-468E-A93B-CA2F6D18C328}.Debug|Any CPU.Build.0 = Debug|Any CPU
		{0A9F7D1B-9596-468E-A93B-CA2F6D18C328}.Release|Any CPU.ActiveCfg = Release|Any CPU
		{0A9F7D1B-9596-468E-A93B-CA2F6D18C328}.Release|Any CPU.Build.0 = Release|Any CPU
	EndGlobalSection
	GlobalSection(SolutionProperties) = preSolution
		HideSolutionNode = FALSE
	EndGlobalSection
	GlobalSection(ExtensibilityGlobals) = postSolution
		SolutionGuid = {2839F354-AFBD-4CAE-9335-D68847BC17D1}
	EndGlobalSection
EndGlobal
